Microsoft Visual Studio Solution File, Format Version 11.00
# Visual Studio 2008

Project("{1C323EA2-5063-29E8-76CE-7B536859C134}") = "ClubLine", "Assembly-CSharp-firstpass.csproj", "{B3BAF7DB-3CD1-CF77-E402-944A35F928FC}"
EndProject
Project("{1C323EA2-5063-29E8-76CE-7B536859C134}") = "ClubLine", "Assembly-CSharp.csproj", "{26213B7B-354E-84C6-D76E-F446771E80F4}"
EndProject
Project("{1C323EA2-5063-29E8-76CE-7B536859C134}") = "ClubLine", "Assembly-UnityScript-firstpass.unityproj", "{C6C2E502-E048-7A22-B51E-44FF0BDFF476}"
EndProject
Project("{1C323EA2-5063-29E8-76CE-7B536859C134}") = "ClubLine", "Assembly-UnityScript.unityproj", "{E26DB75E-BDAC-3A24-FDA9-56C4BD8FEAAD}"
EndProject
Global
	GlobalSection(SolutionConfigurationPlatforms) = preSolution
		Debug|Any CPU = Debug|Any CPU
		Release|Any CPU = Release|Any CPU
	EndGlobalSection
	GlobalSection(ProjectConfigurationPlatforms) = postSolution
		{B3BAF7DB-3CD1-CF77-E402-944A35F928FC}.Debug|Any CPU.ActiveCfg = Debug|Any CPU
		{B3BAF7DB-3CD1-CF77-E402-944A35F928FC}.Debug|Any CPU.Build.0 = Debug|Any CPU
		{B3BAF7DB-3CD1-CF77-E402-944A35F928FC}.Release|Any CPU.ActiveCfg = Release|Any CPU
		{B3BAF7DB-3CD1-CF77-E402-944A35F928FC}.Release|Any CPU.Build.0 = Release|Any CPU
		{26213B7B-354E-84C6-D76E-F446771E80F4}.Debug|Any CPU.ActiveCfg = Debug|Any CPU
		{26213B7B-354E-84C6-D76E-F446771E80F4}.Debug|Any CPU.Build.0 = Debug|Any CPU
		{26213B7B-354E-84C6-D76E-F446771E80F4}.Release|Any CPU.ActiveCfg = Release|Any CPU
		{26213B7B-354E-84C6-D76E-F446771E80F4}.Release|Any CPU.Build.0 = Release|Any CPU
		{C6C2E502-E048-7A22-B51E-44FF0BDFF476}.Debug|Any CPU.ActiveCfg = Debug|Any CPU
		{C6C2E502-E048-7A22-B51E-44FF0BDFF476}.Debug|Any CPU.Build.0 = Debug|Any CPU
		{C6C2E502-E048-7A22-B51E-44FF0BDFF476}.Release|Any CPU.ActiveCfg = Release|Any CPU
		{C6C2E502-E048-7A22-B51E-44FF0BDFF476}.Release|Any CPU.Build.0 = Release|Any CPU
		{E26DB75E-BDAC-3A24-FDA9-56C4BD8FEAAD}.Debug|Any CPU.ActiveCfg = Debug|Any CPU
		{E26DB75E-BDAC-3A24-FDA9-56C4BD8FEAAD}.Debug|Any CPU.Build.0 = Debug|Any CPU
		{E26DB75E-BDAC-3A24-FDA9-56C4BD8FEAAD}.Release|Any CPU.ActiveCfg = Release|Any CPU
		{E26DB75E-BDAC-3A24-FDA9-56C4BD8FEAAD}.Release|Any CPU.Build.0 = Release|Any CPU
	EndGlobalSection
	GlobalSection(SolutionProperties) = preSolution
		HideSolutionNode = FALSE
	EndGlobalSection
																																							GlobalSection(MonoDevelopProperties) = preSolution
		StartupItem = Assembly-CSharp.csproj
		Policies = $0
		$0.TextStylePolicy = $1
		$1.inheritsSet = null
		$1.scope = text/x-csharp
		$0.CSharpFormattingPolicy = $2
		$2.inheritsSet = Mono
		$2.inheritsScope = text/x-csharp
		$2.scope = text/x-csharp
		$0.TextStylePolicy = $3
		$3.FileWidth = 120
		$3.TabWidth = 4
		$3.EolMarker = Unix
		$3.inheritsSet = Mono
		$3.inheritsScope = text/plain
		$3.scope = text/plain
	EndGlobalSection

EndGlobal
